
Microsoft Visual Studio Solution File, Format Version 11.00
# Visual Studio 2010
Project("{FAE04EC0-301F-11D3-BF4B-00C04F79EFBC}") = "Neramit", "Assembly-CSharp.csproj", "{7F0CB6E8-C47E-273B-D598-8A0097EC5C46}"
EndProject
Project("{FAE04EC0-301F-11D3-BF4B-00C04F79EFBC}") = "Neramit", "Assembly-CSharp-Editor.csproj", "{65682042-40BE-B718-70B9-C653F7FEB25A}"
EndProject
Global
	GlobalSection(SolutionConfigurationPlatforms) = preSolution
		Debug|Any CPU = Debug|Any CPU
		Release|Any CPU = Release|Any CPU
	EndGlobalSection
	GlobalSection(ProjectConfigurationPlatforms) = postSolution
		{7F0CB6E8-C47E-273B-D598-8A0097EC5C46}.Debug|Any CPU.ActiveCfg = Debug|Any CPU
		{7F0CB6E8-C47E-273B-D598-8A0097EC5C46}.Debug|Any CPU.Build.0 = Debug|Any CPU
		{7F0CB6E8-C47E-273B-D598-8A0097EC5C46}.Release|Any CPU.ActiveCfg = Release|Any CPU
		{7F0CB6E8-C47E-273B-D598-8A0097EC5C46}.Release|Any CPU.Build.0 = Release|Any CPU
		{65682042-40BE-B718-70B9-C653F7FEB25A}.Debug|Any CPU.ActiveCfg = Debug|Any CPU
		{65682042-40BE-B718-70B9-C653F7FEB25A}.Debug|Any CPU.Build.0 = Debug|Any CPU
		{65682042-40BE-B718-70B9-C653F7FEB25A}.Release|Any CPU.ActiveCfg = Release|Any CPU
		{65682042-40BE-B718-70B9-C653F7FEB25A}.Release|Any CPU.Build.0 = Release|Any CPU
	EndGlobalSection
	GlobalSection(SolutionProperties) = preSolution
		HideSolutionNode = FALSE
	EndGlobalSection
	GlobalSection(MonoDevelopProperties) = preSolution
		StartupItem = Assembly-CSharp.csproj
	EndGlobalSection
EndGlobal
